// !$*UTF8*$!
{
	archiveVersion = 1;
	classes = {
	};
	objectVersion = 55;
	objects = {

/* Begin PBXBuildFile section */
		B3C640F028611B110099852D /* AppDelegate.swift in Sources */ = {isa = PBXBuildFile; fileRef = B3C640EF28611B110099852D /* AppDelegate.swift */; };
		B3C640F228611B110099852D /* SceneDelegate.swift in Sources */ = {isa = PBXBuildFile; fileRef = B3C640F128611B110099852D /* SceneDelegate.swift */; };
		B3C640F428611B110099852D /* ViewController.swift in Sources */ = {isa = PBXBuildFile; fileRef = B3C640F328611B110099852D /* ViewController.swift */; };
		B3C640F728611B110099852D /* Main.storyboard in Resources */ = {isa = PBXBuildFile; fileRef = B3C640F528611B110099852D /* Main.storyboard */; };
		B3C640F928611B1B0099852D /* Assets.xcassets in Resources */ = {isa = PBXBuildFile; fileRef = B3C640F828611B1B0099852D /* Assets.xcassets */; };
		B3C640FC28611B1B0099852D /* LaunchScreen.storyboard in Resources */ = {isa = PBXBuildFile; fileRef = B3C640FA28611B1B0099852D /* LaunchScreen.storyboard */; };
		B3C6410828611D5B0099852D /* Elements in Frameworks */ = {isa = PBXBuildFile; productRef = B3C6410728611D5B0099852D /* Elements */; };
		B3C6410B2861359D0099852D /* QRCode.swift in Sources */ = {isa = PBXBuildFile; fileRef = B3C6410A2861359D0099852D /* QRCode.swift */; };
		B3C6410D286135F40099852D /* QRCodeGenerator.swift in Sources */ = {isa = PBXBuildFile; fileRef = B3C6410C286135F40099852D /* QRCodeGenerator.swift */; };
		B3C641102861405B0099852D /* RxCocoa in Frameworks */ = {isa = PBXBuildFile; productRef = B3C6410F2861405B0099852D /* RxCocoa */; };
		B3C641122861405B0099852D /* RxSwift in Frameworks */ = {isa = PBXBuildFile; productRef = B3C641112861405B0099852D /* RxSwift */; };
		B3C64115286159E40099852D /* textFieldCheckerViewModel.swift in Sources */ = {isa = PBXBuildFile; fileRef = B3C64114286159E40099852D /* textFieldCheckerViewModel.swift */; };
		B3C7ED3428630227004322A9 /* ImageSaveManager.swift in Sources */ = {isa = PBXBuildFile; fileRef = B3C7ED3328630227004322A9 /* ImageSaveManager.swift */; };
		B3C7ED362863B6FE004322A9 /* SaveResult.swift in Sources */ = {isa = PBXBuildFile; fileRef = B3C7ED352863B6FE004322A9 /* SaveResult.swift */; };
/* End PBXBuildFile section */

/* Begin PBXFileReference section */
		B3C640EC28611B110099852D /* storyboardQRCode.app */ = {isa = PBXFileReference; explicitFileType = wrapper.application; includeInIndex = 0; path = storyboardQRCode.app; sourceTree = BUILT_PRODUCTS_DIR; };
		B3C640EF28611B110099852D /* AppDelegate.swift */ = {isa = PBXFileReference; lastKnownFileType = sourcecode.swift; path = AppDelegate.swift; sourceTree = "<group>"; };
		B3C640F128611B110099852D /* SceneDelegate.swift */ = {isa = PBXFileReference; lastKnownFileType = sourcecode.swift; path = SceneDelegate.swift; sourceTree = "<group>"; };
		B3C640F328611B110099852D /* ViewController.swift */ = {isa = PBXFileReference; lastKnownFileType = sourcecode.swift; path = ViewController.swift; sourceTree = "<group>"; };
		B3C640F628611B110099852D /* Base */ = {isa = PBXFileReference; lastKnownFileType = file.storyboard; name = Base; path = Base.lproj/Main.storyboard; sourceTree = "<group>"; };
		B3C640F828611B1B0099852D /* Assets.xcassets */ = {isa = PBXFileReference; lastKnownFileType = folder.assetcatalog; path = Assets.xcassets; sourceTree = "<group>"; };
		B3C640FB28611B1B0099852D /* Base */ = {isa = PBXFileReference; lastKnownFileType = file.storyboard; name = Base; path = Base.lproj/LaunchScreen.storyboard; sourceTree = "<group>"; };
		B3C640FD28611B1B0099852D /* Info.plist */ = {isa = PBXFileReference; lastKnownFileType = text.plist.xml; path = Info.plist; sourceTree = "<group>"; };
		B3C6410A2861359D0099852D /* QRCode.swift */ = {isa = PBXFileReference; lastKnownFileType = sourcecode.swift; path = QRCode.swift; sourceTree = "<group>"; };
		B3C6410C286135F40099852D /* QRCodeGenerator.swift */ = {isa = PBXFileReference; lastKnownFileType = sourcecode.swift; path = QRCodeGenerator.swift; sourceTree = "<group>"; };
		B3C64114286159E40099852D /* textFieldCheckerViewModel.swift */ = {isa = PBXFileReference; lastKnownFileType = sourcecode.swift; path = textFieldCheckerViewModel.swift; sourceTree = "<group>"; };
		B3C7ED3328630227004322A9 /* ImageSaveManager.swift */ = {isa = PBXFileReference; lastKnownFileType = sourcecode.swift; path = ImageSaveManager.swift; sourceTree = "<group>"; };
		B3C7ED352863B6FE004322A9 /* SaveResult.swift */ = {isa = PBXFileReference; lastKnownFileType = sourcecode.swift; path = SaveResult.swift; sourceTree = "<group>"; };
/* End PBXFileReference section */

/* Begin PBXFrameworksBuildPhase section */
		B3C640E928611B110099852D /* Frameworks */ = {
			isa = PBXFrameworksBuildPhase;
			buildActionMask = 2147483647;
			files = (
				B3C641122861405B0099852D /* RxSwift in Frameworks */,
				B3C641102861405B0099852D /* RxCocoa in Frameworks */,
				B3C6410828611D5B0099852D /* Elements in Frameworks */,
			);
			runOnlyForDeploymentPostprocessing = 0;
		};
/* End PBXFrameworksBuildPhase section */

/* Begin PBXGroup section */
		B3C640E328611B110099852D = {
			isa = PBXGroup;
			children = (
				B3C640EE28611B110099852D /* storyboardQRCode */,
				B3C640ED28611B110099852D /* Products */,
			);
			sourceTree = "<group>";
		};
		B3C640ED28611B110099852D /* Products */ = {
			isa = PBXGroup;
			children = (
				B3C640EC28611B110099852D /* storyboardQRCode.app */,
			);
			name = Products;
			sourceTree = "<group>";
		};
		B3C640EE28611B110099852D /* storyboardQRCode */ = {
			isa = PBXGroup;
			children = (
				B3C64113286159C80099852D /* ViewModels */,
				B3C64109286135850099852D /* Models */,
				B3C6410528611C320099852D /* Controllers */,
				B3C6410428611C190099852D /* Resources */,
				B3C6410328611BF50099852D /* Utils */,
				B3C640FD28611B1B0099852D /* Info.plist */,
			);
			path = storyboardQRCode;
			sourceTree = "<group>";
		};
		B3C6410328611BF50099852D /* Utils */ = {
			isa = PBXGroup;
			children = (
				B3C640EF28611B110099852D /* AppDelegate.swift */,
				B3C640F128611B110099852D /* SceneDelegate.swift */,
				B3C6410C286135F40099852D /* QRCodeGenerator.swift */,
				B3C7ED3328630227004322A9 /* ImageSaveManager.swift */,
			);
			path = Utils;
			sourceTree = "<group>";
		};
		B3C6410428611C190099852D /* Resources */ = {
			isa = PBXGroup;
			children = (
				B3C640FA28611B1B0099852D /* LaunchScreen.storyboard */,
				B3C640F528611B110099852D /* Main.storyboard */,
				B3C640F828611B1B0099852D /* Assets.xcassets */,
			);
			path = Resources;
			sourceTree = "<group>";
		};
		B3C6410528611C320099852D /* Controllers */ = {
			isa = PBXGroup;
			children = (
				B3C640F328611B110099852D /* ViewController.swift */,
			);
			path = Controllers;
			sourceTree = "<group>";
		};
		B3C64109286135850099852D /* Models */ = {
			isa = PBXGroup;
			children = (
				B3C6410A2861359D0099852D /* QRCode.swift */,
				B3C7ED352863B6FE004322A9 /* SaveResult.swift */,
			);
			path = Models;
			sourceTree = "<group>";
		};
		B3C64113286159C80099852D /* ViewModels */ = {
			isa = PBXGroup;
			children = (
				B3C64114286159E40099852D /* textFieldCheckerViewModel.swift */,
			);
			path = ViewModels;
			sourceTree = "<group>";
		};
/* End PBXGroup section */

/* Begin PBXNativeTarget section */
		B3C640EB28611B110099852D /* storyboardQRCode */ = {
			isa = PBXNativeTarget;
			buildConfigurationList = B3C6410028611B1B0099852D /* Build configuration list for PBXNativeTarget "storyboardQRCode" */;
			buildPhases = (
				B3C640E828611B110099852D /* Sources */,
				B3C640E928611B110099852D /* Frameworks */,
				B3C640EA28611B110099852D /* Resources */,
			);
			buildRules = (
			);
			dependencies = (
			);
			name = storyboardQRCode;
			packageProductDependencies = (
				B3C6410728611D5B0099852D /* Elements */,
				B3C6410F2861405B0099852D /* RxCocoa */,
				B3C641112861405B0099852D /* RxSwift */,
			);
			productName = storyboardQRCode;
			productReference = B3C640EC28611B110099852D /* storyboardQRCode.app */;
			productType = "com.apple.product-type.application";
		};
/* End PBXNativeTarget section */

/* Begin PBXProject section */
		B3C640E428611B110099852D /* Project object */ = {
			isa = PBXProject;
			attributes = {
				BuildIndependentTargetsInParallel = 1;
				LastSwiftUpdateCheck = 1340;
				LastUpgradeCheck = 1340;
				TargetAttributes = {
					B3C640EB28611B110099852D = {
						CreatedOnToolsVersion = 13.4.1;
					};
				};
			};
			buildConfigurationList = B3C640E728611B110099852D /* Build configuration list for PBXProject "storyboardQRCode" */;
			compatibilityVersion = "Xcode 13.0";
			developmentRegion = en;
			hasScannedForEncodings = 0;
			knownRegions = (
				en,
				Base,
			);
			mainGroup = B3C640E328611B110099852D;
			packageReferences = (
				B3C6410628611D5B0099852D /* XCRemoteSwiftPackageReference "ElementKit" */,
				B3C6410E2861405B0099852D /* XCRemoteSwiftPackageReference "RxSwift" */,
			);
			productRefGroup = B3C640ED28611B110099852D /* Products */;
			projectDirPath = "";
			projectRoot = "";
			targets = (
				B3C640EB28611B110099852D /* storyboardQRCode */,
			);
		};
/* End PBXProject section */

/* Begin PBXResourcesBuildPhase section */
		B3C640EA28611B110099852D /* Resources */ = {
			isa = PBXResourcesBuildPhase;
			buildActionMask = 2147483647;
			files = (
				B3C640FC28611B1B0099852D /* LaunchScreen.storyboard in Resources */,
				B3C640F928611B1B0099852D /* Assets.xcassets in Resources */,
				B3C640F728611B110099852D /* Main.storyboard in Resources */,
			);
			runOnlyForDeploymentPostprocessing = 0;
		};
/* End PBXResourcesBuildPhase section */

/* Begin PBXSourcesBuildPhase section */
		B3C640E828611B110099852D /* Sources */ = {
			isa = PBXSourcesBuildPhase;
			buildActionMask = 2147483647;
			files = (
				B3C6410D286135F40099852D /* QRCodeGenerator.swift in Sources */,
				B3C7ED362863B6FE004322A9 /* SaveResult.swift in Sources */,
				B3C7ED3428630227004322A9 /* ImageSaveManager.swift in Sources */,
				B3C640F428611B110099852D /* ViewController.swift in Sources */,
				B3C64115286159E40099852D /* textFieldCheckerViewModel.swift in Sources */,
				B3C6410B2861359D0099852D /* QRCode.swift in Sources */,
				B3C640F028611B110099852D /* AppDelegate.swift in Sources */,
				B3C640F228611B110099852D /* SceneDelegate.swift in Sources */,
			);
			runOnlyForDeploymentPostprocessing = 0;
		};
/* End PBXSourcesBuildPhase section */

/* Begin PBXVariantGroup section */
		B3C640F528611B110099852D /* Main.storyboard */ = {
			isa = PBXVariantGroup;
			children = (
				B3C640F628611B110099852D /* Base */,
			);
			name = Main.storyboard;
			sourceTree = "<group>";
		};
		B3C640FA28611B1B0099852D /* LaunchScreen.storyboard */ = {
			isa = PBXVariantGroup;
			children = (
				B3C640FB28611B1B0099852D /* Base */,
			);
			name = LaunchScreen.storyboard;
			sourceTree = "<group>";
		};
/* End PBXVariantGroup section */

/* Begin XCBuildConfiguration section */
		B3C640FE28611B1B0099852D /* Debug */ = {
			isa = XCBuildConfiguration;
			buildSettings = {
				ALWAYS_SEARCH_USER_PATHS = NO;
				CLANG_ANALYZER_NONNULL = YES;
				CLANG_ANALYZER_NUMBER_OBJECT_CONVERSION = YES_AGGRESSIVE;
				CLANG_CXX_LANGUAGE_STANDARD = "gnu++17";
				CLANG_ENABLE_MODULES = YES;
				CLANG_ENABLE_OBJC_ARC = YES;
				CLANG_ENABLE_OBJC_WEAK = YES;
				CLANG_WARN_BLOCK_CAPTURE_AUTORELEASING = YES;
				CLANG_WARN_BOOL_CONVERSION = YES;
				CLANG_WARN_COMMA = YES;
				CLANG_WARN_CONSTANT_CONVERSION = YES;
				CLANG_WARN_DEPRECATED_OBJC_IMPLEMENTATIONS = YES;
				CLANG_WARN_DIRECT_OBJC_ISA_USAGE = YES_ERROR;
				CLANG_WARN_DOCUMENTATION_COMMENTS = YES;
				CLANG_WARN_EMPTY_BODY = YES;
				CLANG_WARN_ENUM_CONVERSION = YES;
				CLANG_WARN_INFINITE_RECURSION = YES;
				CLANG_WARN_INT_CONVERSION = YES;
				CLANG_WARN_NON_LITERAL_NULL_CONVERSION = YES;
				CLANG_WARN_OBJC_IMPLICIT_RETAIN_SELF = YES;
				CLANG_WARN_OBJC_LITERAL_CONVERSION = YES;
				CLANG_WARN_OBJC_ROOT_CLASS = YES_ERROR;
				CLANG_WARN_QUOTED_INCLUDE_IN_FRAMEWORK_HEADER = YES;
				CLANG_WARN_RANGE_LOOP_ANALYSIS = YES;
				CLANG_WARN_STRICT_PROTOTYPES = YES;
				CLANG_WARN_SUSPICIOUS_MOVE = YES;
				CLANG_WARN_UNGUARDED_AVAILABILITY = YES_AGGRESSIVE;
				CLANG_WARN_UNREACHABLE_CODE = YES;
				CLANG_WARN__DUPLICATE_METHOD_MATCH = YES;
				COPY_PHASE_STRIP = NO;
				DEBUG_INFORMATION_FORMAT = dwarf;
				ENABLE_STRICT_OBJC_MSGSEND = YES;
				ENABLE_TESTABILITY = YES;
				GCC_C_LANGUAGE_STANDARD = gnu11;
				GCC_DYNAMIC_NO_PIC = NO;
				GCC_NO_COMMON_BLOCKS = YES;
				GCC_OPTIMIZATION_LEVEL = 0;
				GCC_PREPROCESSOR_DEFINITIONS = (
					"DEBUG=1",
					"$(inherited)",
				);
				GCC_WARN_64_TO_32_BIT_CONVERSION = YES;
				GCC_WARN_ABOUT_RETURN_TYPE = YES_ERROR;
				GCC_WARN_UNDECLARED_SELECTOR = YES;
				GCC_WARN_UNINITIALIZED_AUTOS = YES_AGGRESSIVE;
				GCC_WARN_UNUSED_FUNCTION = YES;
				GCC_WARN_UNUSED_VARIABLE = YES;
				IPHONEOS_DEPLOYMENT_TARGET = 15.5;
				MTL_ENABLE_DEBUG_INFO = INCLUDE_SOURCE;
				MTL_FAST_MATH = YES;
				ONLY_ACTIVE_ARCH = YES;
				SDKROOT = iphoneos;
				SWIFT_ACTIVE_COMPILATION_CONDITIONS = DEBUG;
				SWIFT_OPTIMIZATION_LEVEL = "-Onone";
			};
			name = Debug;
		};
		B3C640FF28611B1B0099852D /* Release */ = {
			isa = XCBuildConfiguration;
			buildSettings = {
				ALWAYS_SEARCH_USER_PATHS = NO;
				CLANG_ANALYZER_NONNULL = YES;
				CLANG_ANALYZER_NUMBER_OBJECT_CONVERSION = YES_AGGRESSIVE;
				CLANG_CXX_LANGUAGE_STANDARD = "gnu++17";
				CLANG_ENABLE_MODULES = YES;
				CLANG_ENABLE_OBJC_ARC = YES;
				CLANG_ENABLE_OBJC_WEAK = YES;
				CLANG_WARN_BLOCK_CAPTURE_AUTORELEASING = YES;
				CLANG_WARN_BOOL_CONVERSION = YES;
				CLANG_WARN_COMMA = YES;
				CLANG_WARN_CONSTANT_CONVERSION = YES;
				CLANG_WARN_DEPRECATED_OBJC_IMPLEMENTATIONS = YES;
				CLANG_WARN_DIRECT_OBJC_ISA_USAGE = YES_ERROR;
				CLANG_WARN_DOCUMENTATION_COMMENTS = YES;
				CLANG_WARN_EMPTY_BODY = YES;
				CLANG_WARN_ENUM_CONVERSION = YES;
				CLANG_WARN_INFINITE_RECURSION = YES;
				CLANG_WARN_INT_CONVERSION = YES;
				CLANG_WARN_NON_LITERAL_NULL_CONVERSION = YES;
				CLANG_WARN_OBJC_IMPLICIT_RETAIN_SELF = YES;
				CLANG_WARN_OBJC_LITERAL_CONVERSION = YES;
				CLANG_WARN_OBJC_ROOT_CLASS = YES_ERROR;
				CLANG_WARN_QUOTED_INCLUDE_IN_FRAMEWORK_HEADER = YES;
				CLANG_WARN_RANGE_LOOP_ANALYSIS = YES;
				CLANG_WARN_STRICT_PROTOTYPES = YES;
				CLANG_WARN_SUSPICIOUS_MOVE = YES;
				CLANG_WARN_UNGUARDED_AVAILABILITY = YES_AGGRESSIVE;
				CLANG_WARN_UNREACHABLE_CODE = YES;
				CLANG_WARN__DUPLICATE_METHOD_MATCH = YES;
				COPY_PHASE_STRIP = NO;
				DEBUG_INFORMATION_FORMAT = "dwarf-with-dsym";
				ENABLE_NS_ASSERTIONS = NO;
				ENABLE_STRICT_OBJC_MSGSEND = YES;
				GCC_C_LANGUAGE_STANDARD = gnu11;
				GCC_NO_COMMON_BLOCKS = YES;
				GCC_WARN_64_TO_32_BIT_CONVERSION = YES;
				GCC_WARN_ABOUT_RETURN_TYPE = YES_ERROR;
				GCC_WARN_UNDECLARED_SELECTOR = YES;
				GCC_WARN_UNINITIALIZED_AUTOS = YES_AGGRESSIVE;
				GCC_WARN_UNUSED_FUNCTION = YES;
				GCC_WARN_UNUSED_VARIABLE = YES;
				IPHONEOS_DEPLOYMENT_TARGET = 15.5;
				MTL_ENABLE_DEBUG_INFO = NO;
				MTL_FAST_MATH = YES;
				SDKROOT = iphoneos;
				SWIFT_COMPILATION_MODE = wholemodule;
				SWIFT_OPTIMIZATION_LEVEL = "-O";
				VALIDATE_PRODUCT = YES;
			};
			name = Release;
		};
		B3C6410128611B1B0099852D /* Debug */ = {
			isa = XCBuildConfiguration;
			buildSettings = {
				ASSETCATALOG_COMPILER_APPICON_NAME = AppIcon;
				ASSETCATALOG_COMPILER_GLOBAL_ACCENT_COLOR_NAME = AccentColor;
				CODE_SIGN_STYLE = Automatic;
				CURRENT_PROJECT_VERSION = 1;
				GENERATE_INFOPLIST_FILE = YES;
				INFOPLIST_FILE = storyboardQRCode/Info.plist;
				INFOPLIST_KEY_NSPhotoLibraryAddUsageDescription = "Please allow to access to the file to save a QRcode image";
				INFOPLIST_KEY_UIApplicationSupportsIndirectInputEvents = YES;
				INFOPLIST_KEY_UILaunchStoryboardName = LaunchScreen;
				INFOPLIST_KEY_UIMainStoryboardFile = Main;
				INFOPLIST_KEY_UISupportedInterfaceOrientations_iPad = "UIInterfaceOrientationPortrait UIInterfaceOrientationPortraitUpsideDown UIInterfaceOrientationLandscapeLeft UIInterfaceOrientationLandscapeRight";
				INFOPLIST_KEY_UISupportedInterfaceOrientations_iPhone = "UIInterfaceOrientationPortrait UIInterfaceOrientationLandscapeLeft UIInterfaceOrientationLandscapeRight";
				LD_RUNPATH_SEARCH_PATHS = (
					"$(inherited)",
					"@executable_path/Frameworks",
				);
				MARKETING_VERSION = 1.0;
				PRODUCT_BUNDLE_IDENTIFIER = MYCompany.storyboardQRCode;
				PRODUCT_NAME = "$(TARGET_NAME)";
				SWIFT_EMIT_LOC_STRINGS = YES;
				SWIFT_VERSION = 5.0;
				TARGETED_DEVICE_FAMILY = "1,2";
			};
			name = Debug;
		};
		B3C6410228611B1B0099852D /* Release */ = {
			isa = XCBuildConfiguration;
			buildSettings = {
				ASSETCATALOG_COMPILER_APPICON_NAME = AppIcon;
				ASSETCATALOG_COMPILER_GLOBAL_ACCENT_COLOR_NAME = AccentColor;
				CODE_SIGN_STYLE = Automatic;
				CURRENT_PROJECT_VERSION = 1;
				GENERATE_INFOPLIST_FILE = YES;
				INFOPLIST_FILE = storyboardQRCode/Info.plist;
				INFOPLIST_KEY_NSPhotoLibraryAddUsageDescription = "Please allow to access to the file to save a QRcode image";
				INFOPLIST_KEY_UIApplicationSupportsIndirectInputEvents = YES;
				INFOPLIST_KEY_UILaunchStoryboardName = LaunchScreen;
				INFOPLIST_KEY_UIMainStoryboardFile = Main;
				INFOPLIST_KEY_UISupportedInterfaceOrientations_iPad = "UIInterfaceOrientationPortrait UIInterfaceOrientationPortraitUpsideDown UIInterfaceOrientationLandscapeLeft UIInterfaceOrientationLandscapeRight";
				INFOPLIST_KEY_UISupportedInterfaceOrientations_iPhone = "UIInterfaceOrientationPortrait UIInterfaceOrientationLandscapeLeft UIInterfaceOrientationLandscapeRight";
				LD_RUNPATH_SEARCH_PATHS = (
					"$(inherited)",
					"@executable_path/Frameworks",
				);
				MARKETING_VERSION = 1.0;
				PRODUCT_BUNDLE_IDENTIFIER = MYCompany.storyboardQRCode;
				PRODUCT_NAME = "$(TARGET_NAME)";
				SWIFT_EMIT_LOC_STRINGS = YES;
				SWIFT_VERSION = 5.0;
				TARGETED_DEVICE_FAMILY = "1,2";
			};
			name = Release;
		};
/* End XCBuildConfiguration section */

/* Begin XCConfigurationList section */
		B3C640E728611B110099852D /* Build configuration list for PBXProject "storyboardQRCode" */ = {
			isa = XCConfigurationList;
			buildConfigurations = (
				B3C640FE28611B1B0099852D /* Debug */,
				B3C640FF28611B1B0099852D /* Release */,
			);
			defaultConfigurationIsVisible = 0;
			defaultConfigurationName = Release;
		};
		B3C6410028611B1B0099852D /* Build configuration list for PBXNativeTarget "storyboardQRCode" */ = {
			isa = XCConfigurationList;
			buildConfigurations = (
				B3C6410128611B1B0099852D /* Debug */,
				B3C6410228611B1B0099852D /* Release */,
			);
			defaultConfigurationIsVisible = 0;
			defaultConfigurationName = Release;
		};
/* End XCConfigurationList section */

/* Begin XCRemoteSwiftPackageReference section */
		B3C6410628611D5B0099852D /* XCRemoteSwiftPackageReference "ElementKit" */ = {
			isa = XCRemoteSwiftPackageReference;
			repositoryURL = "https://github.com/practice20200/ElementKit";
			requirement = {
				kind = upToNextMajorVersion;
				minimumVersion = 1.0.0;
			};
		};
		B3C6410E2861405B0099852D /* XCRemoteSwiftPackageReference "RxSwift" */ = {
			isa = XCRemoteSwiftPackageReference;
			repositoryURL = "https://github.com/ReactiveX/RxSwift";
			requirement = {
				kind = upToNextMajorVersion;
				minimumVersion = 6.0.0;
			};
		};
/* End XCRemoteSwiftPackageReference section */

/* Begin XCSwiftPackageProductDependency section */
		B3C6410728611D5B0099852D /* Elements */ = {
			isa = XCSwiftPackageProductDependency;
			package = B3C6410628611D5B0099852D /* XCRemoteSwiftPackageReference "ElementKit" */;
			productName = Elements;
		};
		B3C6410F2861405B0099852D /* RxCocoa */ = {
			isa = XCSwiftPackageProductDependency;
			package = B3C6410E2861405B0099852D /* XCRemoteSwiftPackageReference "RxSwift" */;
			productName = RxCocoa;
		};
		B3C641112861405B0099852D /* RxSwift */ = {
			isa = XCSwiftPackageProductDependency;
			package = B3C6410E2861405B0099852D /* XCRemoteSwiftPackageReference "RxSwift" */;
			productName = RxSwift;
		};
/* End XCSwiftPackageProductDependency section */
	};
	rootObject = B3C640E428611B110099852D /* Project object */;
}
